
Microsoft Visual Studio Solution File, Format Version 12.00
# Visual Studio Version 16
VisualStudioVersion = 16.0.30011.22
MinimumVisualStudioVersion = 10.0.40219.1
Project("{2150E333-8FDC-42A3-9474-1A3956D46DE8}") = "Auth", "Auth", "{3BAFA777-7AD7-4749-956F-2932459601FA}"
EndProject
Project("{2150E333-8FDC-42A3-9474-1A3956D46DE8}") = "Quiz", "Quiz", "{C565771A-FE26-4083-BE95-05FD9E0F7053}"
EndProject
Project("{2150E333-8FDC-42A3-9474-1A3956D46DE8}") = "Statistic", "Statistic", "{EC02FE7E-9E88-48B9-9877-78EF350AF7D8}"
EndProject
Project("{9A19103F-16F7-4668-BE54-9A1E7A4F7556}") = "IdentityServer", "..\..\IdentityServer\IdentityServer\IdentityServer.csproj", "{D75F7E3C-C569-4CF4-84E0-7C3B01333937}"
EndProject
Project("{9A19103F-16F7-4668-BE54-9A1E7A4F7556}") = "AppQuiz.Api", "..\..\Quiz\AppQuiz.Api\AppQuiz.Api.csproj", "{AAF671B7-4481-437C-8FDB-778FA3AC7028}"
EndProject
Project("{9A19103F-16F7-4668-BE54-9A1E7A4F7556}") = "Statistic.Api", "..\..\Statistic\Statistic.Api\Statistic.Api.csproj", "{CC54029F-E90E-4344-8E7D-59FD43FDB2E0}"
EndProject
Project("{9A19103F-16F7-4668-BE54-9A1E7A4F7556}") = "Statistic.Application", "..\..\Statistic\Statistic.Application\Statistic.Application.csproj", "{1A545FFE-0056-4DB5-A406-32EAAD6FCBEC}"
EndProject
Project("{9A19103F-16F7-4668-BE54-9A1E7A4F7556}") = "Statistic.Persistence", "..\..\Statistic\Statistic.Persistence\Statistic.Persistence.csproj", "{274EA844-82B7-427A-BE90-1C99C891DB96}"
EndProject
Project("{9A19103F-16F7-4668-BE54-9A1E7A4F7556}") = "Statistic.UnitTests", "..\..\Statistic\Statistic.UnitTests\Statistic.UnitTests.csproj", "{3B33D39D-ECD8-4D3C-BFF1-2B1B8B7E9567}"
EndProject
Project("{9A19103F-16F7-4668-BE54-9A1E7A4F7556}") = "AppQuiz.Application", "..\..\Quiz\AppQuiz.Application\AppQuiz.Application.csproj", "{F6F543C4-443A-4EA0-9E4F-5A31882CC1DD}"
EndProject
Project("{9A19103F-16F7-4668-BE54-9A1E7A4F7556}") = "AppQuiz.Domain", "..\..\Quiz\AppQuiz.Domain\AppQuiz.Domain.csproj", "{CA352AE9-0CF2-409B-BCF3-B88A65796790}"
EndProject
Project("{9A19103F-16F7-4668-BE54-9A1E7A4F7556}") = "AppQuiz.Persistence", "..\..\Quiz\AppQuiz.Persistence\AppQuiz.Persistence.csproj", "{A1BC50FC-1CEB-436A-A9B1-B90639C9D6E1}"
EndProject
Project("{9A19103F-16F7-4668-BE54-9A1E7A4F7556}") = "AppQuiz.UnitTests", "..\..\Quiz\AppQuiz.UnitTests\AppQuiz.UnitTests.csproj", "{D4A6E4AB-8B92-4143-BD96-A2863C91B6A9}"
EndProject
Project("{2150E333-8FDC-42A3-9474-1A3956D46DE8}") = "User", "User", "{70ABB1C1-52C9-4ABC-9689-A01E952C882C}"
EndProject
Project("{2150E333-8FDC-42A3-9474-1A3956D46DE8}") = "Shared", "Shared", "{D59EFE00-01F7-4329-A0EC-970D80F3D0BC}"
EndProject
Project("{9A19103F-16F7-4668-BE54-9A1E7A4F7556}") = "Shared.Common", "..\..\Shared\Shared.Common\Shared.Common.csproj", "{6878E5B0-65AC-431A-829A-319579E3AB22}"
EndProject
Project("{9A19103F-16F7-4668-BE54-9A1E7A4F7556}") = "Shared.Identity", "..\..\Shared\Shared.Identity\Shared.Identity.csproj", "{AC5C6BC4-3517-405F-B57B-74E64D96DF2C}"
EndProject
Project("{9A19103F-16F7-4668-BE54-9A1E7A4F7556}") = "Shared.Persistence.MongoDb", "..\..\Shared\Shared.Persistence.MongoDb\Shared.Persistence.MongoDb.csproj", "{386B87A0-7A2C-4F16-B171-BE7CF1802714}"
EndProject
Project("{9A19103F-16F7-4668-BE54-9A1E7A4F7556}") = "Shared.Persistence.MySql", "..\..\Shared\Shared.Persistence.MySql\Shared.Persistence.MySql.csproj", "{294862C3-92DA-4152-851E-FD1B697C422D}"
EndProject
Project("{9A19103F-16F7-4668-BE54-9A1E7A4F7556}") = "User.Api", "..\..\User\User.Api\User.Api.csproj", "{D153E116-005B-4254-BD49-90340376E25E}"
EndProject
Project("{9A19103F-16F7-4668-BE54-9A1E7A4F7556}") = "User.Application", "..\..\User\User.Application\User.Application.csproj", "{1C504D39-C48C-440B-8FA7-83CB48D82939}"
EndProject
Project("{9A19103F-16F7-4668-BE54-9A1E7A4F7556}") = "User.Domain", "..\..\User\User.Domain\User.Domain.csproj", "{45AC52C2-8DB7-4387-B51B-C9AEC49F5122}"
EndProject
Project("{9A19103F-16F7-4668-BE54-9A1E7A4F7556}") = "User.Persistence", "..\..\User\User.Persistence\User.Persistence.csproj", "{9BDD36DC-8FB0-4BD6-861D-BC746035DCB5}"
EndProject
Project("{9A19103F-16F7-4668-BE54-9A1E7A4F7556}") = "User.UnitTests", "..\..\User\User.UnitTests\User.UnitTests.csproj", "{263407D8-6F1C-4D34-8FA3-8743E9A4A44D}"
EndProject
Project("{9A19103F-16F7-4668-BE54-9A1E7A4F7556}") = "Shared.Bus.Messages", "..\..\Shared\Shared.Bus.Messages\Shared.Bus.Messages.csproj", "{7607707B-C6A5-4403-836E-7ACC54F2405C}"
EndProject
Project("{2150E333-8FDC-42A3-9474-1A3956D46DE8}") = "Monitoring", "Monitoring", "{1E354EB9-E45B-45EC-BD87-66E21EC7DDEE}"
EndProject
Project("{9A19103F-16F7-4668-BE54-9A1E7A4F7556}") = "Monitoring", "..\..\Monitoring\Monitoring\Monitoring.csproj", "{B1329353-08F3-4B8C-9270-C802EAAE6A1F}"
EndProject
Project("{9A19103F-16F7-4668-BE54-9A1E7A4F7556}") = "Statistic.Domain", "..\..\Statistic\Statistic.Domain\Statistic.Domain.csproj", "{F1187FA7-4860-44DE-B070-1FDA4C0DD5EF}"
EndProject
Global
	GlobalSection(SolutionConfigurationPlatforms) = preSolution
		Debug|Any CPU = Debug|Any CPU
		Release|Any CPU = Release|Any CPU
	EndGlobalSection
	GlobalSection(ProjectConfigurationPlatforms) = postSolution
		{D75F7E3C-C569-4CF4-84E0-7C3B01333937}.Debug|Any CPU.ActiveCfg = Debug|Any CPU
		{D75F7E3C-C569-4CF4-84E0-7C3B01333937}.Debug|Any CPU.Build.0 = Debug|Any CPU
		{D75F7E3C-C569-4CF4-84E0-7C3B01333937}.Release|Any CPU.ActiveCfg = Release|Any CPU
		{D75F7E3C-C569-4CF4-84E0-7C3B01333937}.Release|Any CPU.Build.0 = Release|Any CPU
		{AAF671B7-4481-437C-8FDB-778FA3AC7028}.Debug|Any CPU.ActiveCfg = Debug|Any CPU
		{AAF671B7-4481-437C-8FDB-778FA3AC7028}.Debug|Any CPU.Build.0 = Debug|Any CPU
		{AAF671B7-4481-437C-8FDB-778FA3AC7028}.Release|Any CPU.ActiveCfg = Release|Any CPU
		{AAF671B7-4481-437C-8FDB-778FA3AC7028}.Release|Any CPU.Build.0 = Release|Any CPU
		{CC54029F-E90E-4344-8E7D-59FD43FDB2E0}.Debug|Any CPU.ActiveCfg = Debug|Any CPU
		{CC54029F-E90E-4344-8E7D-59FD43FDB2E0}.Debug|Any CPU.Build.0 = Debug|Any CPU
		{CC54029F-E90E-4344-8E7D-59FD43FDB2E0}.Release|Any CPU.ActiveCfg = Release|Any CPU
		{CC54029F-E90E-4344-8E7D-59FD43FDB2E0}.Release|Any CPU.Build.0 = Release|Any CPU
		{1A545FFE-0056-4DB5-A406-32EAAD6FCBEC}.Debug|Any CPU.ActiveCfg = Debug|Any CPU
		{1A545FFE-0056-4DB5-A406-32EAAD6FCBEC}.Debug|Any CPU.Build.0 = Debug|Any CPU
		{1A545FFE-0056-4DB5-A406-32EAAD6FCBEC}.Release|Any CPU.ActiveCfg = Release|Any CPU
		{1A545FFE-0056-4DB5-A406-32EAAD6FCBEC}.Release|Any CPU.Build.0 = Release|Any CPU
		{274EA844-82B7-427A-BE90-1C99C891DB96}.Debug|Any CPU.ActiveCfg = Debug|Any CPU
		{274EA844-82B7-427A-BE90-1C99C891DB96}.Debug|Any CPU.Build.0 = Debug|Any CPU
		{274EA844-82B7-427A-BE90-1C99C891DB96}.Release|Any CPU.ActiveCfg = Release|Any CPU
		{274EA844-82B7-427A-BE90-1C99C891DB96}.Release|Any CPU.Build.0 = Release|Any CPU
		{3B33D39D-ECD8-4D3C-BFF1-2B1B8B7E9567}.Debug|Any CPU.ActiveCfg = Debug|Any CPU
		{3B33D39D-ECD8-4D3C-BFF1-2B1B8B7E9567}.Debug|Any CPU.Build.0 = Debug|Any CPU
		{3B33D39D-ECD8-4D3C-BFF1-2B1B8B7E9567}.Release|Any CPU.ActiveCfg = Release|Any CPU
		{3B33D39D-ECD8-4D3C-BFF1-2B1B8B7E9567}.Release|Any CPU.Build.0 = Release|Any CPU
		{F6F543C4-443A-4EA0-9E4F-5A31882CC1DD}.Debug|Any CPU.ActiveCfg = Debug|Any CPU
		{F6F543C4-443A-4EA0-9E4F-5A31882CC1DD}.Debug|Any CPU.Build.0 = Debug|Any CPU
		{F6F543C4-443A-4EA0-9E4F-5A31882CC1DD}.Release|Any CPU.ActiveCfg = Release|Any CPU
		{F6F543C4-443A-4EA0-9E4F-5A31882CC1DD}.Release|Any CPU.Build.0 = Release|Any CPU
		{CA352AE9-0CF2-409B-BCF3-B88A65796790}.Debug|Any CPU.ActiveCfg = Debug|Any CPU
		{CA352AE9-0CF2-409B-BCF3-B88A65796790}.Debug|Any CPU.Build.0 = Debug|Any CPU
		{CA352AE9-0CF2-409B-BCF3-B88A65796790}.Release|Any CPU.ActiveCfg = Release|Any CPU
		{CA352AE9-0CF2-409B-BCF3-B88A65796790}.Release|Any CPU.Build.0 = Release|Any CPU
		{A1BC50FC-1CEB-436A-A9B1-B90639C9D6E1}.Debug|Any CPU.ActiveCfg = Debug|Any CPU
		{A1BC50FC-1CEB-436A-A9B1-B90639C9D6E1}.Debug|Any CPU.Build.0 = Debug|Any CPU
		{A1BC50FC-1CEB-436A-A9B1-B90639C9D6E1}.Release|Any CPU.ActiveCfg = Release|Any CPU
		{A1BC50FC-1CEB-436A-A9B1-B90639C9D6E1}.Release|Any CPU.Build.0 = Release|Any CPU
		{D4A6E4AB-8B92-4143-BD96-A2863C91B6A9}.Debug|Any CPU.ActiveCfg = Debug|Any CPU
		{D4A6E4AB-8B92-4143-BD96-A2863C91B6A9}.Debug|Any CPU.Build.0 = Debug|Any CPU
		{D4A6E4AB-8B92-4143-BD96-A2863C91B6A9}.Release|Any CPU.ActiveCfg = Release|Any CPU
		{D4A6E4AB-8B92-4143-BD96-A2863C91B6A9}.Release|Any CPU.Build.0 = Release|Any CPU
		{6878E5B0-65AC-431A-829A-319579E3AB22}.Debug|Any CPU.ActiveCfg = Debug|Any CPU
		{6878E5B0-65AC-431A-829A-319579E3AB22}.Debug|Any CPU.Build.0 = Debug|Any CPU
		{6878E5B0-65AC-431A-829A-319579E3AB22}.Release|Any CPU.ActiveCfg = Release|Any CPU
		{6878E5B0-65AC-431A-829A-319579E3AB22}.Release|Any CPU.Build.0 = Release|Any CPU
		{AC5C6BC4-3517-405F-B57B-74E64D96DF2C}.Debug|Any CPU.ActiveCfg = Debug|Any CPU
		{AC5C6BC4-3517-405F-B57B-74E64D96DF2C}.Debug|Any CPU.Build.0 = Debug|Any CPU
		{AC5C6BC4-3517-405F-B57B-74E64D96DF2C}.Release|Any CPU.ActiveCfg = Release|Any CPU
		{AC5C6BC4-3517-405F-B57B-74E64D96DF2C}.Release|Any CPU.Build.0 = Release|Any CPU
		{386B87A0-7A2C-4F16-B171-BE7CF1802714}.Debug|Any CPU.ActiveCfg = Debug|Any CPU
		{386B87A0-7A2C-4F16-B171-BE7CF1802714}.Debug|Any CPU.Build.0 = Debug|Any CPU
		{386B87A0-7A2C-4F16-B171-BE7CF1802714}.Release|Any CPU.ActiveCfg = Release|Any CPU
		{386B87A0-7A2C-4F16-B171-BE7CF1802714}.Release|Any CPU.Build.0 = Release|Any CPU
		{294862C3-92DA-4152-851E-FD1B697C422D}.Debug|Any CPU.ActiveCfg = Debug|Any CPU
		{294862C3-92DA-4152-851E-FD1B697C422D}.Debug|Any CPU.Build.0 = Debug|Any CPU
		{294862C3-92DA-4152-851E-FD1B697C422D}.Release|Any CPU.ActiveCfg = Release|Any CPU
		{294862C3-92DA-4152-851E-FD1B697C422D}.Release|Any CPU.Build.0 = Release|Any CPU
		{D153E116-005B-4254-BD49-90340376E25E}.Debug|Any CPU.ActiveCfg = Debug|Any CPU
		{D153E116-005B-4254-BD49-90340376E25E}.Debug|Any CPU.Build.0 = Debug|Any CPU
		{D153E116-005B-4254-BD49-90340376E25E}.Release|Any CPU.ActiveCfg = Release|Any CPU
		{D153E116-005B-4254-BD49-90340376E25E}.Release|Any CPU.Build.0 = Release|Any CPU
		{1C504D39-C48C-440B-8FA7-83CB48D82939}.Debug|Any CPU.ActiveCfg = Debug|Any CPU
		{1C504D39-C48C-440B-8FA7-83CB48D82939}.Debug|Any CPU.Build.0 = Debug|Any CPU
		{1C504D39-C48C-440B-8FA7-83CB48D82939}.Release|Any CPU.ActiveCfg = Release|Any CPU
		{1C504D39-C48C-440B-8FA7-83CB48D82939}.Release|Any CPU.Build.0 = Release|Any CPU
		{45AC52C2-8DB7-4387-B51B-C9AEC49F5122}.Debug|Any CPU.ActiveCfg = Debug|Any CPU
		{45AC52C2-8DB7-4387-B51B-C9AEC49F5122}.Debug|Any CPU.Build.0 = Debug|Any CPU
		{45AC52C2-8DB7-4387-B51B-C9AEC49F5122}.Release|Any CPU.ActiveCfg = Release|Any CPU
		{45AC52C2-8DB7-4387-B51B-C9AEC49F5122}.Release|Any CPU.Build.0 = Release|Any CPU
		{9BDD36DC-8FB0-4BD6-861D-BC746035DCB5}.Debug|Any CPU.ActiveCfg = Debug|Any CPU
		{9BDD36DC-8FB0-4BD6-861D-BC746035DCB5}.Debug|Any CPU.Build.0 = Debug|Any CPU
		{9BDD36DC-8FB0-4BD6-861D-BC746035DCB5}.Release|Any CPU.ActiveCfg = Release|Any CPU
		{9BDD36DC-8FB0-4BD6-861D-BC746035DCB5}.Release|Any CPU.Build.0 = Release|Any CPU
		{263407D8-6F1C-4D34-8FA3-8743E9A4A44D}.Debug|Any CPU.ActiveCfg = Debug|Any CPU
		{263407D8-6F1C-4D34-8FA3-8743E9A4A44D}.Debug|Any CPU.Build.0 = Debug|Any CPU
		{263407D8-6F1C-4D34-8FA3-8743E9A4A44D}.Release|Any CPU.ActiveCfg = Release|Any CPU
		{263407D8-6F1C-4D34-8FA3-8743E9A4A44D}.Release|Any CPU.Build.0 = Release|Any CPU
		{7607707B-C6A5-4403-836E-7ACC54F2405C}.Debug|Any CPU.ActiveCfg = Debug|Any CPU
		{7607707B-C6A5-4403-836E-7ACC54F2405C}.Debug|Any CPU.Build.0 = Debug|Any CPU
		{7607707B-C6A5-4403-836E-7ACC54F2405C}.Release|Any CPU.ActiveCfg = Release|Any CPU
		{7607707B-C6A5-4403-836E-7ACC54F2405C}.Release|Any CPU.Build.0 = Release|Any CPU
		{B1329353-08F3-4B8C-9270-C802EAAE6A1F}.Debug|Any CPU.ActiveCfg = Debug|Any CPU
		{B1329353-08F3-4B8C-9270-C802EAAE6A1F}.Debug|Any CPU.Build.0 = Debug|Any CPU
		{B1329353-08F3-4B8C-9270-C802EAAE6A1F}.Release|Any CPU.ActiveCfg = Release|Any CPU
		{B1329353-08F3-4B8C-9270-C802EAAE6A1F}.Release|Any CPU.Build.0 = Release|Any CPU
		{F1187FA7-4860-44DE-B070-1FDA4C0DD5EF}.Debug|Any CPU.ActiveCfg = Debug|Any CPU
		{F1187FA7-4860-44DE-B070-1FDA4C0DD5EF}.Debug|Any CPU.Build.0 = Debug|Any CPU
		{F1187FA7-4860-44DE-B070-1FDA4C0DD5EF}.Release|Any CPU.ActiveCfg = Release|Any CPU
		{F1187FA7-4860-44DE-B070-1FDA4C0DD5EF}.Release|Any CPU.Build.0 = Release|Any CPU
	EndGlobalSection
	GlobalSection(SolutionProperties) = preSolution
		HideSolutionNode = FALSE
	EndGlobalSection
	GlobalSection(NestedProjects) = preSolution
		{D75F7E3C-C569-4CF4-84E0-7C3B01333937} = {3BAFA777-7AD7-4749-956F-2932459601FA}
		{AAF671B7-4481-437C-8FDB-778FA3AC7028} = {C565771A-FE26-4083-BE95-05FD9E0F7053}
		{CC54029F-E90E-4344-8E7D-59FD43FDB2E0} = {EC02FE7E-9E88-48B9-9877-78EF350AF7D8}
		{1A545FFE-0056-4DB5-A406-32EAAD6FCBEC} = {EC02FE7E-9E88-48B9-9877-78EF350AF7D8}
		{274EA844-82B7-427A-BE90-1C99C891DB96} = {EC02FE7E-9E88-48B9-9877-78EF350AF7D8}
		{3B33D39D-ECD8-4D3C-BFF1-2B1B8B7E9567} = {EC02FE7E-9E88-48B9-9877-78EF350AF7D8}
		{F6F543C4-443A-4EA0-9E4F-5A31882CC1DD} = {C565771A-FE26-4083-BE95-05FD9E0F7053}
		{CA352AE9-0CF2-409B-BCF3-B88A65796790} = {C565771A-FE26-4083-BE95-05FD9E0F7053}
		{A1BC50FC-1CEB-436A-A9B1-B90639C9D6E1} = {C565771A-FE26-4083-BE95-05FD9E0F7053}
		{D4A6E4AB-8B92-4143-BD96-A2863C91B6A9} = {C565771A-FE26-4083-BE95-05FD9E0F7053}
		{6878E5B0-65AC-431A-829A-319579E3AB22} = {D59EFE00-01F7-4329-A0EC-970D80F3D0BC}
		{AC5C6BC4-3517-405F-B57B-74E64D96DF2C} = {D59EFE00-01F7-4329-A0EC-970D80F3D0BC}
		{386B87A0-7A2C-4F16-B171-BE7CF1802714} = {D59EFE00-01F7-4329-A0EC-970D80F3D0BC}
		{294862C3-92DA-4152-851E-FD1B697C422D} = {D59EFE00-01F7-4329-A0EC-970D80F3D0BC}
		{D153E116-005B-4254-BD49-90340376E25E} = {70ABB1C1-52C9-4ABC-9689-A01E952C882C}
		{1C504D39-C48C-440B-8FA7-83CB48D82939} = {70ABB1C1-52C9-4ABC-9689-A01E952C882C}
		{45AC52C2-8DB7-4387-B51B-C9AEC49F5122} = {70ABB1C1-52C9-4ABC-9689-A01E952C882C}
		{9BDD36DC-8FB0-4BD6-861D-BC746035DCB5} = {70ABB1C1-52C9-4ABC-9689-A01E952C882C}
		{263407D8-6F1C-4D34-8FA3-8743E9A4A44D} = {70ABB1C1-52C9-4ABC-9689-A01E952C882C}
		{7607707B-C6A5-4403-836E-7ACC54F2405C} = {D59EFE00-01F7-4329-A0EC-970D80F3D0BC}
		{B1329353-08F3-4B8C-9270-C802EAAE6A1F} = {1E354EB9-E45B-45EC-BD87-66E21EC7DDEE}
		{F1187FA7-4860-44DE-B070-1FDA4C0DD5EF} = {EC02FE7E-9E88-48B9-9877-78EF350AF7D8}
	EndGlobalSection
	GlobalSection(ExtensibilityGlobals) = postSolution
		SolutionGuid = {E352AC0C-1BA8-474B-B921-60EF38CC99EF}
	EndGlobalSection
EndGlobal
